// !$*UTF8*$!
{
	archiveVersion = 1;
	classes = {
	};
	objectVersion = 56;
	objects = {

/* Begin PBXBuildFile section */
		8A929F2A2C7CA86D006BD51C /* MarketingManagerApp.swift in Sources */ = {isa = PBXBuildFile; fileRef = 8A929F292C7CA86D006BD51C /* MarketingManagerApp.swift */; };
		8A929F2C2C7CA86D006BD51C /* ContentView.swift in Sources */ = {isa = PBXBuildFile; fileRef = 8A929F2B2C7CA86D006BD51C /* ContentView.swift */; };
		8A929F2E2C7CA86E006BD51C /* Assets.xcassets in Resources */ = {isa = PBXBuildFile; fileRef = 8A929F2D2C7CA86E006BD51C /* Assets.xcassets */; };
		8A929F312C7CA86E006BD51C /* Preview Assets.xcassets in Resources */ = {isa = PBXBuildFile; fileRef = 8A929F302C7CA86E006BD51C /* Preview Assets.xcassets */; };
		8A929F3B2C7CA86E006BD51C /* MarketingManagerTests.swift in Sources */ = {isa = PBXBuildFile; fileRef = 8A929F3A2C7CA86E006BD51C /* MarketingManagerTests.swift */; };
		8A929F452C7CA86E006BD51C /* MarketingManagerUITests.swift in Sources */ = {isa = PBXBuildFile; fileRef = 8A929F442C7CA86E006BD51C /* MarketingManagerUITests.swift */; };
		8A929F472C7CA86E006BD51C /* MarketingManagerUITestsLaunchTests.swift in Sources */ = {isa = PBXBuildFile; fileRef = 8A929F462C7CA86E006BD51C /* MarketingManagerUITestsLaunchTests.swift */; };
/* End PBXBuildFile section */

/* Begin PBXContainerItemProxy section */
		8A929F372C7CA86E006BD51C /* PBXContainerItemProxy */ = {
			isa = PBXContainerItemProxy;
			containerPortal = 8A929F1E2C7CA86D006BD51C /* Project object */;
			proxyType = 1;
			remoteGlobalIDString = 8A929F252C7CA86D006BD51C;
			remoteInfo = MarketingManager;
		};
		8A929F412C7CA86E006BD51C /* PBXContainerItemProxy */ = {
			isa = PBXContainerItemProxy;
			containerPortal = 8A929F1E2C7CA86D006BD51C /* Project object */;
			proxyType = 1;
			remoteGlobalIDString = 8A929F252C7CA86D006BD51C;
			remoteInfo = MarketingManager;
		};
/* End PBXContainerItemProxy section */

/* Begin PBXFileReference section */
		8A929F262C7CA86D006BD51C /* MarketingManager.app */ = {isa = PBXFileReference; explicitFileType = wrapper.application; includeInIndex = 0; path = MarketingManager.app; sourceTree = BUILT_PRODUCTS_DIR; };
		8A929F292C7CA86D006BD51C /* MarketingManagerApp.swift */ = {isa = PBXFileReference; lastKnownFileType = sourcecode.swift; path = MarketingManagerApp.swift; sourceTree = "<group>"; };
		8A929F2B2C7CA86D006BD51C /* ContentView.swift */ = {isa = PBXFileReference; lastKnownFileType = sourcecode.swift; path = ContentView.swift; sourceTree = "<group>"; };
		8A929F2D2C7CA86E006BD51C /* Assets.xcassets */ = {isa = PBXFileReference; lastKnownFileType = folder.assetcatalog; path = Assets.xcassets; sourceTree = "<group>"; };
		8A929F302C7CA86E006BD51C /* Preview Assets.xcassets */ = {isa = PBXFileReference; lastKnownFileType = folder.assetcatalog; path = "Preview Assets.xcassets"; sourceTree = "<group>"; };
		8A929F362C7CA86E006BD51C /* MarketingManagerTests.xctest */ = {isa = PBXFileReference; explicitFileType = wrapper.cfbundle; includeInIndex = 0; path = MarketingManagerTests.xctest; sourceTree = BUILT_PRODUCTS_DIR; };
		8A929F3A2C7CA86E006BD51C /* MarketingManagerTests.swift */ = {isa = PBXFileReference; lastKnownFileType = sourcecode.swift; path = MarketingManagerTests.swift; sourceTree = "<group>"; };
		8A929F402C7CA86E006BD51C /* MarketingManagerUITests.xctest */ = {isa = PBXFileReference; explicitFileType = wrapper.cfbundle; includeInIndex = 0; path = MarketingManagerUITests.xctest; sourceTree = BUILT_PRODUCTS_DIR; };
		8A929F442C7CA86E006BD51C /* MarketingManagerUITests.swift */ = {isa = PBXFileReference; lastKnownFileType = sourcecode.swift; path = MarketingManagerUITests.swift; sourceTree = "<group>"; };
		8A929F462C7CA86E006BD51C /* MarketingManagerUITestsLaunchTests.swift */ = {isa = PBXFileReference; lastKnownFileType = sourcecode.swift; path = MarketingManagerUITestsLaunchTests.swift; sourceTree = "<group>"; };
/* End PBXFileReference section */

/* Begin PBXFrameworksBuildPhase section */
		8A929F232C7CA86D006BD51C /* Frameworks */ = {
			isa = PBXFrameworksBuildPhase;
			buildActionMask = 2147483647;
			files = (
			);
			runOnlyForDeploymentPostprocessing = 0;
		};
		8A929F332C7CA86E006BD51C /* Frameworks */ = {
			isa = PBXFrameworksBuildPhase;
			buildActionMask = 2147483647;
			files = (
			);
			runOnlyForDeploymentPostprocessing = 0;
		};
		8A929F3D2C7CA86E006BD51C /* Frameworks */ = {
			isa = PBXFrameworksBuildPhase;
			buildActionMask = 2147483647;
			files = (
			);
			runOnlyForDeploymentPostprocessing = 0;
		};
/* End PBXFrameworksBuildPhase section */

/* Begin PBXGroup section */
		8A929F1D2C7CA86D006BD51C = {
			isa = PBXGroup;
			children = (
				8A929F282C7CA86D006BD51C /* MarketingManager */,
				8A929F392C7CA86E006BD51C /* MarketingManagerTests */,
				8A929F432C7CA86E006BD51C /* MarketingManagerUITests */,
				8A929F272C7CA86D006BD51C /* Products */,
			);
			sourceTree = "<group>";
		};
		8A929F272C7CA86D006BD51C /* Products */ = {
			isa = PBXGroup;
			children = (
				8A929F262C7CA86D006BD51C /* MarketingManager.app */,
				8A929F362C7CA86E006BD51C /* MarketingManagerTests.xctest */,
				8A929F402C7CA86E006BD51C /* MarketingManagerUITests.xctest */,
			);
			name = Products;
			sourceTree = "<group>";
		};
		8A929F282C7CA86D006BD51C /* MarketingManager */ = {
			isa = PBXGroup;
			children = (
				8A929F292C7CA86D006BD51C /* MarketingManagerApp.swift */,
				8A929F2B2C7CA86D006BD51C /* ContentView.swift */,
				8A929F2D2C7CA86E006BD51C /* Assets.xcassets */,
				8A929F2F2C7CA86E006BD51C /* Preview Content */,
			);
			path = MarketingManager;
			sourceTree = "<group>";
		};
		8A929F2F2C7CA86E006BD51C /* Preview Content */ = {
			isa = PBXGroup;
			children = (
				8A929F302C7CA86E006BD51C /* Preview Assets.xcassets */,
			);
			path = "Preview Content";
			sourceTree = "<group>";
		};
		8A929F392C7CA86E006BD51C /* MarketingManagerTests */ = {
			isa = PBXGroup;
			children = (
				8A929F3A2C7CA86E006BD51C /* MarketingManagerTests.swift */,
			);
			path = MarketingManagerTests;
			sourceTree = "<group>";
		};
		8A929F432C7CA86E006BD51C /* MarketingManagerUITests */ = {
			isa = PBXGroup;
			children = (
				8A929F442C7CA86E006BD51C /* MarketingManagerUITests.swift */,
				8A929F462C7CA86E006BD51C /* MarketingManagerUITestsLaunchTests.swift */,
			);
			path = MarketingManagerUITests;
			sourceTree = "<group>";
		};
/* End PBXGroup section */

/* Begin PBXNativeTarget section */
		8A929F252C7CA86D006BD51C /* MarketingManager */ = {
			isa = PBXNativeTarget;
			buildConfigurationList = 8A929F4A2C7CA86E006BD51C /* Build configuration list for PBXNativeTarget "MarketingManager" */;
			buildPhases = (
				8A929F222C7CA86D006BD51C /* Sources */,
				8A929F232C7CA86D006BD51C /* Frameworks */,
				8A929F242C7CA86D006BD51C /* Resources */,
			);
			buildRules = (
			);
			dependencies = (
			);
			name = MarketingManager;
			productName = MarketingManager;
			productReference = 8A929F262C7CA86D006BD51C /* MarketingManager.app */;
			productType = "com.apple.product-type.application";
		};
		8A929F352C7CA86E006BD51C /* MarketingManagerTests */ = {
			isa = PBXNativeTarget;
			buildConfigurationList = 8A929F4D2C7CA86E006BD51C /* Build configuration list for PBXNativeTarget "MarketingManagerTests" */;
			buildPhases = (
				8A929F322C7CA86E006BD51C /* Sources */,
				8A929F332C7CA86E006BD51C /* Frameworks */,
				8A929F342C7CA86E006BD51C /* Resources */,
			);
			buildRules = (
			);
			dependencies = (
				8A929F382C7CA86E006BD51C /* PBXTargetDependency */,
			);
			name = MarketingManagerTests;
			productName = MarketingManagerTests;
			productReference = 8A929F362C7CA86E006BD51C /* MarketingManagerTests.xctest */;
			productType = "com.apple.product-type.bundle.unit-test";
		};
		8A929F3F2C7CA86E006BD51C /* MarketingManagerUITests */ = {
			isa = PBXNativeTarget;
			buildConfigurationList = 8A929F502C7CA86E006BD51C /* Build configuration list for PBXNativeTarget "MarketingManagerUITests" */;
			buildPhases = (
				8A929F3C2C7CA86E006BD51C /* Sources */,
				8A929F3D2C7CA86E006BD51C /* Frameworks */,
				8A929F3E2C7CA86E006BD51C /* Resources */,
			);
			buildRules = (
			);
			dependencies = (
				8A929F422C7CA86E006BD51C /* PBXTargetDependency */,
			);
			name = MarketingManagerUITests;
			productName = MarketingManagerUITests;
			productReference = 8A929F402C7CA86E006BD51C /* MarketingManagerUITests.xctest */;
			productType = "com.apple.product-type.bundle.ui-testing";
		};
/* End PBXNativeTarget section */

/* Begin PBXProject section */
		8A929F1E2C7CA86D006BD51C /* Project object */ = {
			isa = PBXProject;
			attributes = {
				BuildIndependentTargetsInParallel = 1;
				LastSwiftUpdateCheck = 1540;
				LastUpgradeCheck = 1540;
				TargetAttributes = {
					8A929F252C7CA86D006BD51C = {
						CreatedOnToolsVersion = 15.4;
					};
					8A929F352C7CA86E006BD51C = {
						CreatedOnToolsVersion = 15.4;
						TestTargetID = 8A929F252C7CA86D006BD51C;
					};
					8A929F3F2C7CA86E006BD51C = {
						CreatedOnToolsVersion = 15.4;
						TestTargetID = 8A929F252C7CA86D006BD51C;
					};
				};
			};
			buildConfigurationList = 8A929F212C7CA86D006BD51C /* Build configuration list for PBXProject "MarketingManager" */;
			compatibilityVersion = "Xcode 14.0";
			developmentRegion = en;
			hasScannedForEncodings = 0;
			knownRegions = (
				en,
				Base,
			);
			mainGroup = 8A929F1D2C7CA86D006BD51C;
			productRefGroup = 8A929F272C7CA86D006BD51C /* Products */;
			projectDirPath = "";
			projectRoot = "";
			targets = (
				8A929F252C7CA86D006BD51C /* MarketingManager */,
				8A929F352C7CA86E006BD51C /* MarketingManagerTests */,
				8A929F3F2C7CA86E006BD51C /* MarketingManagerUITests */,
			);
		};
/* End PBXProject section */

/* Begin PBXResourcesBuildPhase section */
		8A929F242C7CA86D006BD51C /* Resources */ = {
			isa = PBXResourcesBuildPhase;
			buildActionMask = 2147483647;
			files = (
				8A929F312C7CA86E006BD51C /* Preview Assets.xcassets in Resources */,
				8A929F2E2C7CA86E006BD51C /* Assets.xcassets in Resources */,
			);
			runOnlyForDeploymentPostprocessing = 0;
		};
		8A929F342C7CA86E006BD51C /* Resources */ = {
			isa = PBXResourcesBuildPhase;
			buildActionMask = 2147483647;
			files = (
			);
			runOnlyForDeploymentPostprocessing = 0;
		};
		8A929F3E2C7CA86E006BD51C /* Resources */ = {
			isa = PBXResourcesBuildPhase;
			buildActionMask = 2147483647;
			files = (
			);
			runOnlyForDeploymentPostprocessing = 0;
		};
/* End PBXResourcesBuildPhase section */

/* Begin PBXSourcesBuildPhase section */
		8A929F222C7CA86D006BD51C /* Sources */ = {
			isa = PBXSourcesBuildPhase;
			buildActionMask = 2147483647;
			files = (
				8A929F2C2C7CA86D006BD51C /* ContentView.swift in Sources */,
				8A929F2A2C7CA86D006BD51C /* MarketingManagerApp.swift in Sources */,
			);
			runOnlyForDeploymentPostprocessing = 0;
		};
		8A929F322C7CA86E006BD51C /* Sources */ = {
			isa = PBXSourcesBuildPhase;
			buildActionMask = 2147483647;
			files = (
				8A929F3B2C7CA86E006BD51C /* MarketingManagerTests.swift in Sources */,
			);
			runOnlyForDeploymentPostprocessing = 0;
		};
		8A929F3C2C7CA86E006BD51C /* Sources */ = {
			isa = PBXSourcesBuildPhase;
			buildActionMask = 2147483647;
			files = (
				8A929F452C7CA86E006BD51C /* MarketingManagerUITests.swift in Sources */,
				8A929F472C7CA86E006BD51C /* MarketingManagerUITestsLaunchTests.swift in Sources */,
			);
			runOnlyForDeploymentPostprocessing = 0;
		};
/* End PBXSourcesBuildPhase section */

/* Begin PBXTargetDependency section */
		8A929F382C7CA86E006BD51C /* PBXTargetDependency */ = {
			isa = PBXTargetDependency;
			target = 8A929F252C7CA86D006BD51C /* MarketingManager */;
			targetProxy = 8A929F372C7CA86E006BD51C /* PBXContainerItemProxy */;
		};
		8A929F422C7CA86E006BD51C /* PBXTargetDependency */ = {
			isa = PBXTargetDependency;
			target = 8A929F252C7CA86D006BD51C /* MarketingManager */;
			targetProxy = 8A929F412C7CA86E006BD51C /* PBXContainerItemProxy */;
		};
/* End PBXTargetDependency section */

/* Begin XCBuildConfiguration section */
		8A929F482C7CA86E006BD51C /* Debug */ = {
			isa = XCBuildConfiguration;
			buildSettings = {
				ALWAYS_SEARCH_USER_PATHS = NO;
				ASSETCATALOG_COMPILER_GENERATE_SWIFT_ASSET_SYMBOL_EXTENSIONS = YES;
				CLANG_ANALYZER_NONNULL = YES;
				CLANG_ANALYZER_NUMBER_OBJECT_CONVERSION = YES_AGGRESSIVE;
				CLANG_CXX_LANGUAGE_STANDARD = "gnu++20";
				CLANG_ENABLE_MODULES = YES;
				CLANG_ENABLE_OBJC_ARC = YES;
				CLANG_ENABLE_OBJC_WEAK = YES;
				CLANG_WARN_BLOCK_CAPTURE_AUTORELEASING = YES;
				CLANG_WARN_BOOL_CONVERSION = YES;
				CLANG_WARN_COMMA = YES;
				CLANG_WARN_CONSTANT_CONVERSION = YES;
				CLANG_WARN_DEPRECATED_OBJC_IMPLEMENTATIONS = YES;
				CLANG_WARN_DIRECT_OBJC_ISA_USAGE = YES_ERROR;
				CLANG_WARN_DOCUMENTATION_COMMENTS = YES;
				CLANG_WARN_EMPTY_BODY = YES;
				CLANG_WARN_ENUM_CONVERSION = YES;
				CLANG_WARN_INFINITE_RECURSION = YES;
				CLANG_WARN_INT_CONVERSION = YES;
				CLANG_WARN_NON_LITERAL_NULL_CONVERSION = YES;
				CLANG_WARN_OBJC_IMPLICIT_RETAIN_SELF = YES;
				CLANG_WARN_OBJC_LITERAL_CONVERSION = YES;
				CLANG_WARN_OBJC_ROOT_CLASS = YES_ERROR;
				CLANG_WARN_QUOTED_INCLUDE_IN_FRAMEWORK_HEADER = YES;
				CLANG_WARN_RANGE_LOOP_ANALYSIS = YES;
				CLANG_WARN_STRICT_PROTOTYPES = YES;
				CLANG_WARN_SUSPICIOUS_MOVE = YES;
				CLANG_WARN_UNGUARDED_AVAILABILITY = YES_AGGRESSIVE;
				CLANG_WARN_UNREACHABLE_CODE = YES;
				CLANG_WARN__DUPLICATE_METHOD_MATCH = YES;
				COPY_PHASE_STRIP = NO;
				DEBUG_INFORMATION_FORMAT = dwarf;
				ENABLE_STRICT_OBJC_MSGSEND = YES;
				ENABLE_TESTABILITY = YES;
				ENABLE_USER_SCRIPT_SANDBOXING = YES;
				GCC_C_LANGUAGE_STANDARD = gnu17;
				GCC_DYNAMIC_NO_PIC = NO;
				GCC_NO_COMMON_BLOCKS = YES;
				GCC_OPTIMIZATION_LEVEL = 0;
				GCC_PREPROCESSOR_DEFINITIONS = (
					"DEBUG=1",
					"$(inherited)",
				);
				GCC_WARN_64_TO_32_BIT_CONVERSION = YES;
				GCC_WARN_ABOUT_RETURN_TYPE = YES_ERROR;
				GCC_WARN_UNDECLARED_SELECTOR = YES;
				GCC_WARN_UNINITIALIZED_AUTOS = YES_AGGRESSIVE;
				GCC_WARN_UNUSED_FUNCTION = YES;
				GCC_WARN_UNUSED_VARIABLE = YES;
				IPHONEOS_DEPLOYMENT_TARGET = 17.5;
				LOCALIZATION_PREFERS_STRING_CATALOGS = YES;
				MTL_ENABLE_DEBUG_INFO = INCLUDE_SOURCE;
				MTL_FAST_MATH = YES;
				ONLY_ACTIVE_ARCH = YES;
				SDKROOT = iphoneos;
				SWIFT_ACTIVE_COMPILATION_CONDITIONS = "DEBUG $(inherited)";
				SWIFT_OPTIMIZATION_LEVEL = "-Onone";
			};
			name = Debug;
		};
		8A929F492C7CA86E006BD51C /* Release */ = {
			isa = XCBuildConfiguration;
			buildSettings = {
				ALWAYS_SEARCH_USER_PATHS = NO;
				ASSETCATALOG_COMPILER_GENERATE_SWIFT_ASSET_SYMBOL_EXTENSIONS = YES;
				CLANG_ANALYZER_NONNULL = YES;
				CLANG_ANALYZER_NUMBER_OBJECT_CONVERSION = YES_AGGRESSIVE;
				CLANG_CXX_LANGUAGE_STANDARD = "gnu++20";
				CLANG_ENABLE_MODULES = YES;
				CLANG_ENABLE_OBJC_ARC = YES;
				CLANG_ENABLE_OBJC_WEAK = YES;
				CLANG_WARN_BLOCK_CAPTURE_AUTORELEASING = YES;
				CLANG_WARN_BOOL_CONVERSION = YES;
				CLANG_WARN_COMMA = YES;
				CLANG_WARN_CONSTANT_CONVERSION = YES;
				CLANG_WARN_DEPRECATED_OBJC_IMPLEMENTATIONS = YES;
				CLANG_WARN_DIRECT_OBJC_ISA_USAGE = YES_ERROR;
				CLANG_WARN_DOCUMENTATION_COMMENTS = YES;
				CLANG_WARN_EMPTY_BODY = YES;
				CLANG_WARN_ENUM_CONVERSION = YES;
				CLANG_WARN_INFINITE_RECURSION = YES;
				CLANG_WARN_INT_CONVERSION = YES;
				CLANG_WARN_NON_LITERAL_NULL_CONVERSION = YES;
				CLANG_WARN_OBJC_IMPLICIT_RETAIN_SELF = YES;
				CLANG_WARN_OBJC_LITERAL_CONVERSION = YES;
				CLANG_WARN_OBJC_ROOT_CLASS = YES_ERROR;
				CLANG_WARN_QUOTED_INCLUDE_IN_FRAMEWORK_HEADER = YES;
				CLANG_WARN_RANGE_LOOP_ANALYSIS = YES;
				CLANG_WARN_STRICT_PROTOTYPES = YES;
				CLANG_WARN_SUSPICIOUS_MOVE = YES;
				CLANG_WARN_UNGUARDED_AVAILABILITY = YES_AGGRESSIVE;
				CLANG_WARN_UNREACHABLE_CODE = YES;
				CLANG_WARN__DUPLICATE_METHOD_MATCH = YES;
				COPY_PHASE_STRIP = NO;
				DEBUG_INFORMATION_FORMAT = "dwarf-with-dsym";
				ENABLE_NS_ASSERTIONS = NO;
				ENABLE_STRICT_OBJC_MSGSEND = YES;
				ENABLE_USER_SCRIPT_SANDBOXING = YES;
				GCC_C_LANGUAGE_STANDARD = gnu17;
				GCC_NO_COMMON_BLOCKS = YES;
				GCC_WARN_64_TO_32_BIT_CONVERSION = YES;
				GCC_WARN_ABOUT_RETURN_TYPE = YES_ERROR;
				GCC_WARN_UNDECLARED_SELECTOR = YES;
				GCC_WARN_UNINITIALIZED_AUTOS = YES_AGGRESSIVE;
				GCC_WARN_UNUSED_FUNCTION = YES;
				GCC_WARN_UNUSED_VARIABLE = YES;
				IPHONEOS_DEPLOYMENT_TARGET = 17.5;
				LOCALIZATION_PREFERS_STRING_CATALOGS = YES;
				MTL_ENABLE_DEBUG_INFO = NO;
				MTL_FAST_MATH = YES;
				SDKROOT = iphoneos;
				SWIFT_COMPILATION_MODE = wholemodule;
				VALIDATE_PRODUCT = YES;
			};
			name = Release;
		};
		8A929F4B2C7CA86E006BD51C /* Debug */ = {
			isa = XCBuildConfiguration;
			buildSettings = {
				ASSETCATALOG_COMPILER_APPICON_NAME = AppIcon;
				ASSETCATALOG_COMPILER_GLOBAL_ACCENT_COLOR_NAME = AccentColor;
				CODE_SIGN_STYLE = Automatic;
				CURRENT_PROJECT_VERSION = 1;
				DEVELOPMENT_ASSET_PATHS = "\"MarketingManager/Preview Content\"";
				DEVELOPMENT_TEAM = PQY3KRH9RF;
				ENABLE_PREVIEWS = YES;
				GENERATE_INFOPLIST_FILE = YES;
				INFOPLIST_KEY_UIApplicationSceneManifest_Generation = YES;
				INFOPLIST_KEY_UIApplicationSupportsIndirectInputEvents = YES;
				INFOPLIST_KEY_UILaunchScreen_Generation = YES;
				INFOPLIST_KEY_UISupportedInterfaceOrientations_iPad = "UIInterfaceOrientationPortrait UIInterfaceOrientationPortraitUpsideDown UIInterfaceOrientationLandscapeLeft UIInterfaceOrientationLandscapeRight";
				INFOPLIST_KEY_UISupportedInterfaceOrientations_iPhone = "UIInterfaceOrientationPortrait UIInterfaceOrientationLandscapeLeft UIInterfaceOrientationLandscapeRight";
				LD_RUNPATH_SEARCH_PATHS = (
					"$(inherited)",
					"@executable_path/Frameworks",
				);
				MARKETING_VERSION = 1.0;
				PRODUCT_BUNDLE_IDENTIFIER = com.rp.MarketingManager;
				PRODUCT_NAME = "$(TARGET_NAME)";
				SWIFT_EMIT_LOC_STRINGS = YES;
				SWIFT_VERSION = 5.0;
				TARGETED_DEVICE_FAMILY = "1,2";
			};
			name = Debug;
		};
		8A929F4C2C7CA86E006BD51C /* Release */ = {
			isa = XCBuildConfiguration;
			buildSettings = {
				ASSETCATALOG_COMPILER_APPICON_NAME = AppIcon;
				ASSETCATALOG_COMPILER_GLOBAL_ACCENT_COLOR_NAME = AccentColor;
				CODE_SIGN_STYLE = Automatic;
				CURRENT_PROJECT_VERSION = 1;
				DEVELOPMENT_ASSET_PATHS = "\"MarketingManager/Preview Content\"";
				DEVELOPMENT_TEAM = PQY3KRH9RF;
				ENABLE_PREVIEWS = YES;
				GENERATE_INFOPLIST_FILE = YES;
				INFOPLIST_KEY_UIApplicationSceneManifest_Generation = YES;
				INFOPLIST_KEY_UIApplicationSupportsIndirectInputEvents = YES;
				INFOPLIST_KEY_UILaunchScreen_Generation = YES;
				INFOPLIST_KEY_UISupportedInterfaceOrientations_iPad = "UIInterfaceOrientationPortrait UIInterfaceOrientationPortraitUpsideDown UIInterfaceOrientationLandscapeLeft UIInterfaceOrientationLandscapeRight";
				INFOPLIST_KEY_UISupportedInterfaceOrientations_iPhone = "UIInterfaceOrientationPortrait UIInterfaceOrientationLandscapeLeft UIInterfaceOrientationLandscapeRight";
				LD_RUNPATH_SEARCH_PATHS = (
					"$(inherited)",
					"@executable_path/Frameworks",
				);
				MARKETING_VERSION = 1.0;
				PRODUCT_BUNDLE_IDENTIFIER = com.rp.MarketingManager;
				PRODUCT_NAME = "$(TARGET_NAME)";
				SWIFT_EMIT_LOC_STRINGS = YES;
				SWIFT_VERSION = 5.0;
				TARGETED_DEVICE_FAMILY = "1,2";
			};
			name = Release;
		};
		8A929F4E2C7CA86E006BD51C /* Debug */ = {
			isa = XCBuildConfiguration;
			buildSettings = {
				ALWAYS_EMBED_SWIFT_STANDARD_LIBRARIES = YES;
				BUNDLE_LOADER = "$(TEST_HOST)";
				CODE_SIGN_STYLE = Automatic;
				CURRENT_PROJECT_VERSION = 1;
				DEVELOPMENT_TEAM = PQY3KRH9RF;
				GENERATE_INFOPLIST_FILE = YES;
				IPHONEOS_DEPLOYMENT_TARGET = 17.5;
				MARKETING_VERSION = 1.0;
				PRODUCT_BUNDLE_IDENTIFIER = com.rp.MarketingManagerTests;
				PRODUCT_NAME = "$(TARGET_NAME)";
				SWIFT_EMIT_LOC_STRINGS = NO;
				SWIFT_VERSION = 5.0;
				TARGETED_DEVICE_FAMILY = "1,2";
				TEST_HOST = "$(BUILT_PRODUCTS_DIR)/MarketingManager.app/$(BUNDLE_EXECUTABLE_FOLDER_PATH)/MarketingManager";
			};
			name = Debug;
		};
		8A929F4F2C7CA86E006BD51C /* Release */ = {
			isa = XCBuildConfiguration;
			buildSettings = {
				ALWAYS_EMBED_SWIFT_STANDARD_LIBRARIES = YES;
				BUNDLE_LOADER = "$(TEST_HOST)";
				CODE_SIGN_STYLE = Automatic;
				CURRENT_PROJECT_VERSION = 1;
				DEVELOPMENT_TEAM = PQY3KRH9RF;
				GENERATE_INFOPLIST_FILE = YES;
				IPHONEOS_DEPLOYMENT_TARGET = 17.5;
				MARKETING_VERSION = 1.0;
				PRODUCT_BUNDLE_IDENTIFIER = com.rp.MarketingManagerTests;
				PRODUCT_NAME = "$(TARGET_NAME)";
				SWIFT_EMIT_LOC_STRINGS = NO;
				SWIFT_VERSION = 5.0;
				TARGETED_DEVICE_FAMILY = "1,2";
				TEST_HOST = "$(BUILT_PRODUCTS_DIR)/MarketingManager.app/$(BUNDLE_EXECUTABLE_FOLDER_PATH)/MarketingManager";
			};
			name = Release;
		};
		8A929F512C7CA86E006BD51C /* Debug */ = {
			isa = XCBuildConfiguration;
			buildSettings = {
				ALWAYS_EMBED_SWIFT_STANDARD_LIBRARIES = YES;
				CODE_SIGN_STYLE = Automatic;
				CURRENT_PROJECT_VERSION = 1;
				DEVELOPMENT_TEAM = PQY3KRH9RF;
				GENERATE_INFOPLIST_FILE = YES;
				MARKETING_VERSION = 1.0;
				PRODUCT_BUNDLE_IDENTIFIER = com.rp.MarketingManagerUITests;
				PRODUCT_NAME = "$(TARGET_NAME)";
				SWIFT_EMIT_LOC_STRINGS = NO;
				SWIFT_VERSION = 5.0;
				TARGETED_DEVICE_FAMILY = "1,2";
				TEST_TARGET_NAME = MarketingManager;
			};
			name = Debug;
		};
		8A929F522C7CA86E006BD51C /* Release */ = {
			isa = XCBuildConfiguration;
			buildSettings = {
				ALWAYS_EMBED_SWIFT_STANDARD_LIBRARIES = YES;
				CODE_SIGN_STYLE = Automatic;
				CURRENT_PROJECT_VERSION = 1;
				DEVELOPMENT_TEAM = PQY3KRH9RF;
				GENERATE_INFOPLIST_FILE = YES;
				MARKETING_VERSION = 1.0;
				PRODUCT_BUNDLE_IDENTIFIER = com.rp.MarketingManagerUITests;
				PRODUCT_NAME = "$(TARGET_NAME)";
				SWIFT_EMIT_LOC_STRINGS = NO;
				SWIFT_VERSION = 5.0;
				TARGETED_DEVICE_FAMILY = "1,2";
				TEST_TARGET_NAME = MarketingManager;
			};
			name = Release;
		};
/* End XCBuildConfiguration section */

/* Begin XCConfigurationList section */
		8A929F212C7CA86D006BD51C /* Build configuration list for PBXProject "MarketingManager" */ = {
			isa = XCConfigurationList;
			buildConfigurations = (
				8A929F482C7CA86E006BD51C /* Debug */,
				8A929F492C7CA86E006BD51C /* Release */,
			);
			defaultConfigurationIsVisible = 0;
			defaultConfigurationName = Release;
		};
		8A929F4A2C7CA86E006BD51C /* Build configuration list for PBXNativeTarget "MarketingManager" */ = {
			isa = XCConfigurationList;
			buildConfigurations = (
				8A929F4B2C7CA86E006BD51C /* Debug */,
				8A929F4C2C7CA86E006BD51C /* Release */,
			);
			defaultConfigurationIsVisible = 0;
			defaultConfigurationName = Release;
		};
		8A929F4D2C7CA86E006BD51C /* Build configuration list for PBXNativeTarget "MarketingManagerTests" */ = {
			isa = XCConfigurationList;
			buildConfigurations = (
				8A929F4E2C7CA86E006BD51C /* Debug */,
				8A929F4F2C7CA86E006BD51C /* Release */,
			);
			defaultConfigurationIsVisible = 0;
			defaultConfigurationName = Release;
		};
		8A929F502C7CA86E006BD51C /* Build configuration list for PBXNativeTarget "MarketingManagerUITests" */ = {
			isa = XCConfigurationList;
			buildConfigurations = (
				8A929F512C7CA86E006BD51C /* Debug */,
				8A929F522C7CA86E006BD51C /* Release */,
			);
			defaultConfigurationIsVisible = 0;
			defaultConfigurationName = Release;
		};
/* End XCConfigurationList section */
	};
	rootObject = 8A929F1E2C7CA86D006BD51C /* Project object */;
}
